// !$*UTF8*$!
{
	archiveVersion = 1;
	classes = {
	};
	objectVersion = 51;
	objects = {

/* Begin PBXBuildFile section */
		0E6878E423D3615100DB318D /* AppDelegate.swift in Sources */ = {isa = PBXBuildFile; fileRef = 0E6878E323D3615100DB318D /* AppDelegate.swift */; };
		0E6878E623D3615100DB318D /* SceneDelegate.swift in Sources */ = {isa = PBXBuildFile; fileRef = 0E6878E523D3615100DB318D /* SceneDelegate.swift */; };
		0E6878E823D3615100DB318D /* SuggestionExampleViewController.swift in Sources */ = {isa = PBXBuildFile; fileRef = 0E6878E723D3615100DB318D /* SuggestionExampleViewController.swift */; };
		0E6878EB23D3615100DB318D /* Main.storyboard in Resources */ = {isa = PBXBuildFile; fileRef = 0E6878E923D3615100DB318D /* Main.storyboard */; };
		0E6878ED23D3615500DB318D /* Assets.xcassets in Resources */ = {isa = PBXBuildFile; fileRef = 0E6878EC23D3615500DB318D /* Assets.xcassets */; };
		0E6878F023D3615500DB318D /* LaunchScreen.storyboard in Resources */ = {isa = PBXBuildFile; fileRef = 0E6878EE23D3615500DB318D /* LaunchScreen.storyboard */; };
		0E6878FB23D3615500DB318D /* SuggestionRowExempleTests.swift in Sources */ = {isa = PBXBuildFile; fileRef = 0E6878FA23D3615500DB318D /* SuggestionRowExempleTests.swift */; };
		0E798E0523D3DB830099A310 /* MySuggestionTableRow.xib in Resources */ = {isa = PBXBuildFile; fileRef = 0E798E0423D3DB830099A310 /* MySuggestionTableRow.xib */; };
		0E798E0823D3E1210099A310 /* SuggestionRowCustom.swift in Sources */ = {isa = PBXBuildFile; fileRef = 0E798E0723D3E1210099A310 /* SuggestionRowCustom.swift */; };
		0E798E0A23D3EBB50099A310 /* ViewProvider.swift in Sources */ = {isa = PBXBuildFile; fileRef = 0E798E0923D3EBB50099A310 /* ViewProvider.swift */; };
		0E798E0C23D3F4C80099A310 /* SuggestionCellCustom.xib in Resources */ = {isa = PBXBuildFile; fileRef = 0E798E0B23D3F4C80099A310 /* SuggestionCellCustom.xib */; };
		0EAC15FB23D47C2100625838 /* SuggestionTableViewCellCustom.swift in Sources */ = {isa = PBXBuildFile; fileRef = 0EAC15FA23D47C2100625838 /* SuggestionTableViewCellCustom.swift */; };
		0EAC15FD23D47C7000625838 /* SuggestionCellCustom.swift in Sources */ = {isa = PBXBuildFile; fileRef = 0EAC15FC23D47C7000625838 /* SuggestionCellCustom.swift */; };
		0EAC15FF23D47DA600625838 /* SuggestionTableCustom.swift in Sources */ = {isa = PBXBuildFile; fileRef = 0EAC15FE23D47DA600625838 /* SuggestionTableCustom.swift */; };
		0EFD49DE23D4842B00984B06 /* SuggestionTableContainer.xib in Resources */ = {isa = PBXBuildFile; fileRef = 0EFD49DD23D4842B00984B06 /* SuggestionTableContainer.xib */; };
		0EFD49E023D4904600984B06 /* SuggestionTableViewCellContentView.xib in Resources */ = {isa = PBXBuildFile; fileRef = 0EFD49DF23D4904600984B06 /* SuggestionTableViewCellContentView.xib */; };
		24FEE26B9E79AA17F351BFA2 /* Pods_SuggestionRowExempleTests.framework in Frameworks */ = {isa = PBXBuildFile; fileRef = 23DF22E8F223E46741D50CCA /* Pods_SuggestionRowExempleTests.framework */; };
		7612BD490646366B4D8BA4C4 /* Pods_SuggestionRowExemple.framework in Frameworks */ = {isa = PBXBuildFile; fileRef = A1857644B88A19F3D5F73A5E /* Pods_SuggestionRowExemple.framework */; };
/* End PBXBuildFile section */

/* Begin PBXContainerItemProxy section */
		0E6878F723D3615500DB318D /* PBXContainerItemProxy */ = {
			isa = PBXContainerItemProxy;
			containerPortal = 0E6878D823D3615100DB318D /* Project object */;
			proxyType = 1;
			remoteGlobalIDString = 0E6878DF23D3615100DB318D;
			remoteInfo = SuggestionRowExemple;
		};
/* End PBXContainerItemProxy section */

/* Begin PBXFileReference section */
		0E6878E023D3615100DB318D /* SuggestionRowExemple.app */ = {isa = PBXFileReference; explicitFileType = wrapper.application; includeInIndex = 0; path = SuggestionRowExemple.app; sourceTree = BUILT_PRODUCTS_DIR; };
		0E6878E323D3615100DB318D /* AppDelegate.swift */ = {isa = PBXFileReference; lastKnownFileType = sourcecode.swift; path = AppDelegate.swift; sourceTree = "<group>"; };
		0E6878E523D3615100DB318D /* SceneDelegate.swift */ = {isa = PBXFileReference; lastKnownFileType = sourcecode.swift; path = SceneDelegate.swift; sourceTree = "<group>"; };
		0E6878E723D3615100DB318D /* SuggestionExampleViewController.swift */ = {isa = PBXFileReference; lastKnownFileType = sourcecode.swift; path = SuggestionExampleViewController.swift; sourceTree = "<group>"; };
		0E6878EA23D3615100DB318D /* Base */ = {isa = PBXFileReference; lastKnownFileType = file.storyboard; name = Base; path = Base.lproj/Main.storyboard; sourceTree = "<group>"; };
		0E6878EC23D3615500DB318D /* Assets.xcassets */ = {isa = PBXFileReference; lastKnownFileType = folder.assetcatalog; path = Assets.xcassets; sourceTree = "<group>"; };
		0E6878EF23D3615500DB318D /* Base */ = {isa = PBXFileReference; lastKnownFileType = file.storyboard; name = Base; path = Base.lproj/LaunchScreen.storyboard; sourceTree = "<group>"; };
		0E6878F123D3615500DB318D /* Info.plist */ = {isa = PBXFileReference; lastKnownFileType = text.plist.xml; path = Info.plist; sourceTree = "<group>"; };
		0E6878F623D3615500DB318D /* SuggestionRowExempleTests.xctest */ = {isa = PBXFileReference; explicitFileType = wrapper.cfbundle; includeInIndex = 0; path = SuggestionRowExempleTests.xctest; sourceTree = BUILT_PRODUCTS_DIR; };
		0E6878FA23D3615500DB318D /* SuggestionRowExempleTests.swift */ = {isa = PBXFileReference; lastKnownFileType = sourcecode.swift; path = SuggestionRowExempleTests.swift; sourceTree = "<group>"; };
		0E6878FC23D3615500DB318D /* Info.plist */ = {isa = PBXFileReference; lastKnownFileType = text.plist.xml; path = Info.plist; sourceTree = "<group>"; };
		0E798E0423D3DB830099A310 /* MySuggestionTableRow.xib */ = {isa = PBXFileReference; lastKnownFileType = file.xib; path = MySuggestionTableRow.xib; sourceTree = "<group>"; };
		0E798E0723D3E1210099A310 /* SuggestionRowCustom.swift */ = {isa = PBXFileReference; lastKnownFileType = sourcecode.swift; path = SuggestionRowCustom.swift; sourceTree = "<group>"; };
		0E798E0923D3EBB50099A310 /* ViewProvider.swift */ = {isa = PBXFileReference; fileEncoding = 4; lastKnownFileType = sourcecode.swift; path = ViewProvider.swift; sourceTree = "<group>"; };
		0E798E0B23D3F4C80099A310 /* SuggestionCellCustom.xib */ = {isa = PBXFileReference; lastKnownFileType = file.xib; path = SuggestionCellCustom.xib; sourceTree = "<group>"; };
		0EAC15FA23D47C2100625838 /* SuggestionTableViewCellCustom.swift */ = {isa = PBXFileReference; lastKnownFileType = sourcecode.swift; path = SuggestionTableViewCellCustom.swift; sourceTree = "<group>"; };
		0EAC15FC23D47C7000625838 /* SuggestionCellCustom.swift */ = {isa = PBXFileReference; lastKnownFileType = sourcecode.swift; path = SuggestionCellCustom.swift; sourceTree = "<group>"; };
		0EAC15FE23D47DA600625838 /* SuggestionTableCustom.swift */ = {isa = PBXFileReference; lastKnownFileType = sourcecode.swift; path = SuggestionTableCustom.swift; sourceTree = "<group>"; };
		0EFD49DD23D4842B00984B06 /* SuggestionTableContainer.xib */ = {isa = PBXFileReference; lastKnownFileType = file.xib; path = SuggestionTableContainer.xib; sourceTree = "<group>"; };
		0EFD49DF23D4904600984B06 /* SuggestionTableViewCellContentView.xib */ = {isa = PBXFileReference; lastKnownFileType = file.xib; path = SuggestionTableViewCellContentView.xib; sourceTree = "<group>"; };
		23DF22E8F223E46741D50CCA /* Pods_SuggestionRowExempleTests.framework */ = {isa = PBXFileReference; explicitFileType = wrapper.framework; includeInIndex = 0; path = Pods_SuggestionRowExempleTests.framework; sourceTree = BUILT_PRODUCTS_DIR; };
		3D1BD7F8B6B0FE7AE80C3205 /* Pods-SuggestionRowExemple.debug.xcconfig */ = {isa = PBXFileReference; includeInIndex = 1; lastKnownFileType = text.xcconfig; name = "Pods-SuggestionRowExemple.debug.xcconfig"; path = "Target Support Files/Pods-SuggestionRowExemple/Pods-SuggestionRowExemple.debug.xcconfig"; sourceTree = "<group>"; };
		4EDE1ED03F30EC92EFDF47F1 /* Pods-SuggestionRowExempleTests.debug.xcconfig */ = {isa = PBXFileReference; includeInIndex = 1; lastKnownFileType = text.xcconfig; name = "Pods-SuggestionRowExempleTests.debug.xcconfig"; path = "Target Support Files/Pods-SuggestionRowExempleTests/Pods-SuggestionRowExempleTests.debug.xcconfig"; sourceTree = "<group>"; };
		67A88F27FF1FB6035B16D817 /* Pods-SuggestionRowExempleTests.release.xcconfig */ = {isa = PBXFileReference; includeInIndex = 1; lastKnownFileType = text.xcconfig; name = "Pods-SuggestionRowExempleTests.release.xcconfig"; path = "Target Support Files/Pods-SuggestionRowExempleTests/Pods-SuggestionRowExempleTests.release.xcconfig"; sourceTree = "<group>"; };
		A1857644B88A19F3D5F73A5E /* Pods_SuggestionRowExemple.framework */ = {isa = PBXFileReference; explicitFileType = wrapper.framework; includeInIndex = 0; path = Pods_SuggestionRowExemple.framework; sourceTree = BUILT_PRODUCTS_DIR; };
		AF05568BB00012D0EB96AB61 /* Pods-SuggestionRowExemple.release.xcconfig */ = {isa = PBXFileReference; includeInIndex = 1; lastKnownFileType = text.xcconfig; name = "Pods-SuggestionRowExemple.release.xcconfig"; path = "Target Support Files/Pods-SuggestionRowExemple/Pods-SuggestionRowExemple.release.xcconfig"; sourceTree = "<group>"; };
/* End PBXFileReference section */

/* Begin PBXFrameworksBuildPhase section */
		0E6878DD23D3615100DB318D /* Frameworks */ = {
			isa = PBXFrameworksBuildPhase;
			buildActionMask = 2147483647;
			files = (
				7612BD490646366B4D8BA4C4 /* Pods_SuggestionRowExemple.framework in Frameworks */,
			);
			runOnlyForDeploymentPostprocessing = 0;
		};
		0E6878F323D3615500DB318D /* Frameworks */ = {
			isa = PBXFrameworksBuildPhase;
			buildActionMask = 2147483647;
			files = (
				24FEE26B9E79AA17F351BFA2 /* Pods_SuggestionRowExempleTests.framework in Frameworks */,
			);
			runOnlyForDeploymentPostprocessing = 0;
		};
/* End PBXFrameworksBuildPhase section */

/* Begin PBXGroup section */
		0E6878D723D3615100DB318D = {
			isa = PBXGroup;
			children = (
				0E6878E223D3615100DB318D /* SuggestionRowExemple */,
				0E6878F923D3615500DB318D /* SuggestionRowExempleTests */,
				0E6878E123D3615100DB318D /* Products */,
				3F90491E704FD062192B27B5 /* Pods */,
				F707D55187EB507DEE249749 /* Frameworks */,
			);
			sourceTree = "<group>";
		};
		0E6878E123D3615100DB318D /* Products */ = {
			isa = PBXGroup;
			children = (
				0E6878E023D3615100DB318D /* SuggestionRowExemple.app */,
				0E6878F623D3615500DB318D /* SuggestionRowExempleTests.xctest */,
			);
			name = Products;
			sourceTree = "<group>";
		};
		0E6878E223D3615100DB318D /* SuggestionRowExemple */ = {
			isa = PBXGroup;
			children = (
				0E798E0623D3E0AE0099A310 /* SuggestionInputCell */,
				0E6878E323D3615100DB318D /* AppDelegate.swift */,
				0E6878E523D3615100DB318D /* SceneDelegate.swift */,
				0E6878E723D3615100DB318D /* SuggestionExampleViewController.swift */,
				0E6878E923D3615100DB318D /* Main.storyboard */,
				0E6878EC23D3615500DB318D /* Assets.xcassets */,
				0E6878EE23D3615500DB318D /* LaunchScreen.storyboard */,
				0E6878F123D3615500DB318D /* Info.plist */,
				0E798E0423D3DB830099A310 /* MySuggestionTableRow.xib */,
				0E798E0B23D3F4C80099A310 /* SuggestionCellCustom.xib */,
				0EFD49DD23D4842B00984B06 /* SuggestionTableContainer.xib */,
				0EFD49DF23D4904600984B06 /* SuggestionTableViewCellContentView.xib */,
			);
			path = SuggestionRowExemple;
			sourceTree = "<group>";
		};
		0E6878F923D3615500DB318D /* SuggestionRowExempleTests */ = {
			isa = PBXGroup;
			children = (
				0E6878FA23D3615500DB318D /* SuggestionRowExempleTests.swift */,
				0E6878FC23D3615500DB318D /* Info.plist */,
			);
			path = SuggestionRowExempleTests;
			sourceTree = "<group>";
		};
		0E798E0623D3E0AE0099A310 /* SuggestionInputCell */ = {
			isa = PBXGroup;
			children = (
				0E798E0923D3EBB50099A310 /* ViewProvider.swift */,
				0E798E0723D3E1210099A310 /* SuggestionRowCustom.swift */,
				0EAC15FE23D47DA600625838 /* SuggestionTableCustom.swift */,
				0EAC15FC23D47C7000625838 /* SuggestionCellCustom.swift */,
				0EAC15FA23D47C2100625838 /* SuggestionTableViewCellCustom.swift */,
			);
			path = SuggestionInputCell;
			sourceTree = "<group>";
		};
		3F90491E704FD062192B27B5 /* Pods */ = {
			isa = PBXGroup;
			children = (
				3D1BD7F8B6B0FE7AE80C3205 /* Pods-SuggestionRowExemple.debug.xcconfig */,
				AF05568BB00012D0EB96AB61 /* Pods-SuggestionRowExemple.release.xcconfig */,
				4EDE1ED03F30EC92EFDF47F1 /* Pods-SuggestionRowExempleTests.debug.xcconfig */,
				67A88F27FF1FB6035B16D817 /* Pods-SuggestionRowExempleTests.release.xcconfig */,
			);
			path = Pods;
			sourceTree = "<group>";
		};
		F707D55187EB507DEE249749 /* Frameworks */ = {
			isa = PBXGroup;
			children = (
				A1857644B88A19F3D5F73A5E /* Pods_SuggestionRowExemple.framework */,
				23DF22E8F223E46741D50CCA /* Pods_SuggestionRowExempleTests.framework */,
			);
			name = Frameworks;
			sourceTree = "<group>";
		};
/* End PBXGroup section */

/* Begin PBXNativeTarget section */
		0E6878DF23D3615100DB318D /* SuggestionRowExemple */ = {
			isa = PBXNativeTarget;
			buildConfigurationList = 0E6878FF23D3615500DB318D /* Build configuration list for PBXNativeTarget "SuggestionRowExemple" */;
			buildPhases = (
				287D1DF3EB7FA54CFE56A597 /* [CP] Check Pods Manifest.lock */,
				0E6878DC23D3615100DB318D /* Sources */,
				0E6878DD23D3615100DB318D /* Frameworks */,
				0E6878DE23D3615100DB318D /* Resources */,
				429DD2D55B1AC755FDB73CD6 /* [CP] Embed Pods Frameworks */,
			);
			buildRules = (
			);
			dependencies = (
			);
			name = SuggestionRowExemple;
			productName = SuggestionRowExemple;
			productReference = 0E6878E023D3615100DB318D /* SuggestionRowExemple.app */;
			productType = "com.apple.product-type.application";
		};
		0E6878F523D3615500DB318D /* SuggestionRowExempleTests */ = {
			isa = PBXNativeTarget;
			buildConfigurationList = 0E68790223D3615500DB318D /* Build configuration list for PBXNativeTarget "SuggestionRowExempleTests" */;
			buildPhases = (
				A7FE73FE431B1C4552842B1F /* [CP] Check Pods Manifest.lock */,
				0E6878F223D3615500DB318D /* Sources */,
				0E6878F323D3615500DB318D /* Frameworks */,
				0E6878F423D3615500DB318D /* Resources */,
			);
			buildRules = (
			);
			dependencies = (
				0E6878F823D3615500DB318D /* PBXTargetDependency */,
			);
			name = SuggestionRowExempleTests;
			productName = SuggestionRowExempleTests;
			productReference = 0E6878F623D3615500DB318D /* SuggestionRowExempleTests.xctest */;
			productType = "com.apple.product-type.bundle.unit-test";
		};
/* End PBXNativeTarget section */

/* Begin PBXProject section */
		0E6878D823D3615100DB318D /* Project object */ = {
			isa = PBXProject;
			attributes = {
				LastSwiftUpdateCheck = 1130;
				LastUpgradeCheck = 1130;
				ORGANIZATIONNAME = "Hien Pham";
				TargetAttributes = {
					0E6878DF23D3615100DB318D = {
						CreatedOnToolsVersion = 11.3;
					};
					0E6878F523D3615500DB318D = {
						CreatedOnToolsVersion = 11.3;
						TestTargetID = 0E6878DF23D3615100DB318D;
					};
				};
			};
			buildConfigurationList = 0E6878DB23D3615100DB318D /* Build configuration list for PBXProject "SuggestionRowExemple" */;
			compatibilityVersion = "Xcode 9.3";
			developmentRegion = en;
			hasScannedForEncodings = 0;
			knownRegions = (
				en,
				Base,
			);
			mainGroup = 0E6878D723D3615100DB318D;
			productRefGroup = 0E6878E123D3615100DB318D /* Products */;
			projectDirPath = "";
			projectRoot = "";
			targets = (
				0E6878DF23D3615100DB318D /* SuggestionRowExemple */,
				0E6878F523D3615500DB318D /* SuggestionRowExempleTests */,
			);
		};
/* End PBXProject section */

/* Begin PBXResourcesBuildPhase section */
		0E6878DE23D3615100DB318D /* Resources */ = {
			isa = PBXResourcesBuildPhase;
			buildActionMask = 2147483647;
			files = (
				0E6878F023D3615500DB318D /* LaunchScreen.storyboard in Resources */,
				0EFD49E023D4904600984B06 /* SuggestionTableViewCellContentView.xib in Resources */,
				0E6878ED23D3615500DB318D /* Assets.xcassets in Resources */,
				0E6878EB23D3615100DB318D /* Main.storyboard in Resources */,
				0EFD49DE23D4842B00984B06 /* SuggestionTableContainer.xib in Resources */,
				0E798E0523D3DB830099A310 /* MySuggestionTableRow.xib in Resources */,
				0E798E0C23D3F4C80099A310 /* SuggestionCellCustom.xib in Resources */,
			);
			runOnlyForDeploymentPostprocessing = 0;
		};
		0E6878F423D3615500DB318D /* Resources */ = {
			isa = PBXResourcesBuildPhase;
			buildActionMask = 2147483647;
			files = (
			);
			runOnlyForDeploymentPostprocessing = 0;
		};
/* End PBXResourcesBuildPhase section */

/* Begin PBXShellScriptBuildPhase section */
		287D1DF3EB7FA54CFE56A597 /* [CP] Check Pods Manifest.lock */ = {
			isa = PBXShellScriptBuildPhase;
			buildActionMask = 2147483647;
			files = (
			);
			inputFileListPaths = (
			);
			inputPaths = (
				"${PODS_PODFILE_DIR_PATH}/Podfile.lock",
				"${PODS_ROOT}/Manifest.lock",
			);
			name = "[CP] Check Pods Manifest.lock";
			outputFileListPaths = (
			);
			outputPaths = (
				"$(DERIVED_FILE_DIR)/Pods-SuggestionRowExemple-checkManifestLockResult.txt",
			);
			runOnlyForDeploymentPostprocessing = 0;
			shellPath = /bin/sh;
			shellScript = "diff \"${PODS_PODFILE_DIR_PATH}/Podfile.lock\" \"${PODS_ROOT}/Manifest.lock\" > /dev/null\nif [ $? != 0 ] ; then\n    # print error to STDERR\n    echo \"error: The sandbox is not in sync with the Podfile.lock. Run 'pod install' or update your CocoaPods installation.\" >&2\n    exit 1\nfi\n# This output is used by Xcode 'outputs' to avoid re-running this script phase.\necho \"SUCCESS\" > \"${SCRIPT_OUTPUT_FILE_0}\"\n";
			showEnvVarsInLog = 0;
		};
		429DD2D55B1AC755FDB73CD6 /* [CP] Embed Pods Frameworks */ = {
			isa = PBXShellScriptBuildPhase;
			buildActionMask = 2147483647;
			files = (
			);
			inputFileListPaths = (
				"${PODS_ROOT}/Target Support Files/Pods-SuggestionRowExemple/Pods-SuggestionRowExemple-frameworks-${CONFIGURATION}-input-files.xcfilelist",
			);
			name = "[CP] Embed Pods Frameworks";
			outputFileListPaths = (
				"${PODS_ROOT}/Target Support Files/Pods-SuggestionRowExemple/Pods-SuggestionRowExemple-frameworks-${CONFIGURATION}-output-files.xcfilelist",
			);
			runOnlyForDeploymentPostprocessing = 0;
			shellPath = /bin/sh;
			shellScript = "\"${PODS_ROOT}/Target Support Files/Pods-SuggestionRowExemple/Pods-SuggestionRowExemple-frameworks.sh\"\n";
			showEnvVarsInLog = 0;
		};
		A7FE73FE431B1C4552842B1F /* [CP] Check Pods Manifest.lock */ = {
			isa = PBXShellScriptBuildPhase;
			buildActionMask = 2147483647;
			files = (
			);
			inputFileListPaths = (
			);
			inputPaths = (
				"${PODS_PODFILE_DIR_PATH}/Podfile.lock",
				"${PODS_ROOT}/Manifest.lock",
			);
			name = "[CP] Check Pods Manifest.lock";
			outputFileListPaths = (
			);
			outputPaths = (
				"$(DERIVED_FILE_DIR)/Pods-SuggestionRowExempleTests-checkManifestLockResult.txt",
			);
			runOnlyForDeploymentPostprocessing = 0;
			shellPath = /bin/sh;
			shellScript = "diff \"${PODS_PODFILE_DIR_PATH}/Podfile.lock\" \"${PODS_ROOT}/Manifest.lock\" > /dev/null\nif [ $? != 0 ] ; then\n    # print error to STDERR\n    echo \"error: The sandbox is not in sync with the Podfile.lock. Run 'pod install' or update your CocoaPods installation.\" >&2\n    exit 1\nfi\n# This output is used by Xcode 'outputs' to avoid re-running this script phase.\necho \"SUCCESS\" > \"${SCRIPT_OUTPUT_FILE_0}\"\n";
			showEnvVarsInLog = 0;
		};
/* End PBXShellScriptBuildPhase section */

/* Begin PBXSourcesBuildPhase section */
		0E6878DC23D3615100DB318D /* Sources */ = {
			isa = PBXSourcesBuildPhase;
			buildActionMask = 2147483647;
			files = (
				0E6878E823D3615100DB318D /* SuggestionExampleViewController.swift in Sources */,
				0EAC15FF23D47DA600625838 /* SuggestionTableCustom.swift in Sources */,
				0E798E0823D3E1210099A310 /* SuggestionRowCustom.swift in Sources */,
				0E6878E423D3615100DB318D /* AppDelegate.swift in Sources */,
				0E798E0A23D3EBB50099A310 /* ViewProvider.swift in Sources */,
				0EAC15FD23D47C7000625838 /* SuggestionCellCustom.swift in Sources */,
				0EAC15FB23D47C2100625838 /* SuggestionTableViewCellCustom.swift in Sources */,
				0E6878E623D3615100DB318D /* SceneDelegate.swift in Sources */,
			);
			runOnlyForDeploymentPostprocessing = 0;
		};
		0E6878F223D3615500DB318D /* Sources */ = {
			isa = PBXSourcesBuildPhase;
			buildActionMask = 2147483647;
			files = (
				0E6878FB23D3615500DB318D /* SuggestionRowExempleTests.swift in Sources */,
			);
			runOnlyForDeploymentPostprocessing = 0;
		};
/* End PBXSourcesBuildPhase section */

/* Begin PBXTargetDependency section */
		0E6878F823D3615500DB318D /* PBXTargetDependency */ = {
			isa = PBXTargetDependency;
			target = 0E6878DF23D3615100DB318D /* SuggestionRowExemple */;
			targetProxy = 0E6878F723D3615500DB318D /* PBXContainerItemProxy */;
		};
/* End PBXTargetDependency section */

/* Begin PBXVariantGroup section */
		0E6878E923D3615100DB318D /* Main.storyboard */ = {
			isa = PBXVariantGroup;
			children = (
				0E6878EA23D3615100DB318D /* Base */,
			);
			name = Main.storyboard;
			sourceTree = "<group>";
		};
		0E6878EE23D3615500DB318D /* LaunchScreen.storyboard */ = {
			isa = PBXVariantGroup;
			children = (
				0E6878EF23D3615500DB318D /* Base */,
			);
			name = LaunchScreen.storyboard;
			sourceTree = "<group>";
		};
/* End PBXVariantGroup section */

/* Begin XCBuildConfiguration section */
		0E6878FD23D3615500DB318D /* Debug */ = {
			isa = XCBuildConfiguration;
			buildSettings = {
				ALWAYS_SEARCH_USER_PATHS = NO;
				CLANG_ANALYZER_NONNULL = YES;
				CLANG_ANALYZER_NUMBER_OBJECT_CONVERSION = YES_AGGRESSIVE;
				CLANG_CXX_LANGUAGE_STANDARD = "gnu++14";
				CLANG_CXX_LIBRARY = "libc++";
				CLANG_ENABLE_MODULES = YES;
				CLANG_ENABLE_OBJC_ARC = YES;
				CLANG_ENABLE_OBJC_WEAK = YES;
				CLANG_WARN_BLOCK_CAPTURE_AUTORELEASING = YES;
				CLANG_WARN_BOOL_CONVERSION = YES;
				CLANG_WARN_COMMA = YES;
				CLANG_WARN_CONSTANT_CONVERSION = YES;
				CLANG_WARN_DEPRECATED_OBJC_IMPLEMENTATIONS = YES;
				CLANG_WARN_DIRECT_OBJC_ISA_USAGE = YES_ERROR;
				CLANG_WARN_DOCUMENTATION_COMMENTS = YES;
				CLANG_WARN_EMPTY_BODY = YES;
				CLANG_WARN_ENUM_CONVERSION = YES;
				CLANG_WARN_INFINITE_RECURSION = YES;
				CLANG_WARN_INT_CONVERSION = YES;
				CLANG_WARN_NON_LITERAL_NULL_CONVERSION = YES;
				CLANG_WARN_OBJC_IMPLICIT_RETAIN_SELF = YES;
				CLANG_WARN_OBJC_LITERAL_CONVERSION = YES;
				CLANG_WARN_OBJC_ROOT_CLASS = YES_ERROR;
				CLANG_WARN_RANGE_LOOP_ANALYSIS = YES;
				CLANG_WARN_STRICT_PROTOTYPES = YES;
				CLANG_WARN_SUSPICIOUS_MOVE = YES;
				CLANG_WARN_UNGUARDED_AVAILABILITY = YES_AGGRESSIVE;
				CLANG_WARN_UNREACHABLE_CODE = YES;
				CLANG_WARN__DUPLICATE_METHOD_MATCH = YES;
				COPY_PHASE_STRIP = NO;
				DEBUG_INFORMATION_FORMAT = dwarf;
				ENABLE_STRICT_OBJC_MSGSEND = YES;
				ENABLE_TESTABILITY = YES;
				GCC_C_LANGUAGE_STANDARD = gnu11;
				GCC_DYNAMIC_NO_PIC = NO;
				GCC_NO_COMMON_BLOCKS = YES;
				GCC_OPTIMIZATION_LEVEL = 0;
				GCC_PREPROCESSOR_DEFINITIONS = (
					"DEBUG=1",
					"$(inherited)",
				);
				GCC_WARN_64_TO_32_BIT_CONVERSION = YES;
				GCC_WARN_ABOUT_RETURN_TYPE = YES_ERROR;
				GCC_WARN_UNDECLARED_SELECTOR = YES;
				GCC_WARN_UNINITIALIZED_AUTOS = YES_AGGRESSIVE;
				GCC_WARN_UNUSED_FUNCTION = YES;
				GCC_WARN_UNUSED_VARIABLE = YES;
				IPHONEOS_DEPLOYMENT_TARGET = 13.2;
				MTL_ENABLE_DEBUG_INFO = INCLUDE_SOURCE;
				MTL_FAST_MATH = YES;
				ONLY_ACTIVE_ARCH = YES;
				SDKROOT = iphoneos;
				SWIFT_ACTIVE_COMPILATION_CONDITIONS = DEBUG;
				SWIFT_OPTIMIZATION_LEVEL = "-Onone";
			};
			name = Debug;
		};
		0E6878FE23D3615500DB318D /* Release */ = {
			isa = XCBuildConfiguration;
			buildSettings = {
				ALWAYS_SEARCH_USER_PATHS = NO;
				CLANG_ANALYZER_NONNULL = YES;
				CLANG_ANALYZER_NUMBER_OBJECT_CONVERSION = YES_AGGRESSIVE;
				CLANG_CXX_LANGUAGE_STANDARD = "gnu++14";
				CLANG_CXX_LIBRARY = "libc++";
				CLANG_ENABLE_MODULES = YES;
				CLANG_ENABLE_OBJC_ARC = YES;
				CLANG_ENABLE_OBJC_WEAK = YES;
				CLANG_WARN_BLOCK_CAPTURE_AUTORELEASING = YES;
				CLANG_WARN_BOOL_CONVERSION = YES;
				CLANG_WARN_COMMA = YES;
				CLANG_WARN_CONSTANT_CONVERSION = YES;
				CLANG_WARN_DEPRECATED_OBJC_IMPLEMENTATIONS = YES;
				CLANG_WARN_DIRECT_OBJC_ISA_USAGE = YES_ERROR;
				CLANG_WARN_DOCUMENTATION_COMMENTS = YES;
				CLANG_WARN_EMPTY_BODY = YES;
				CLANG_WARN_ENUM_CONVERSION = YES;
				CLANG_WARN_INFINITE_RECURSION = YES;
				CLANG_WARN_INT_CONVERSION = YES;
				CLANG_WARN_NON_LITERAL_NULL_CONVERSION = YES;
				CLANG_WARN_OBJC_IMPLICIT_RETAIN_SELF = YES;
				CLANG_WARN_OBJC_LITERAL_CONVERSION = YES;
				CLANG_WARN_OBJC_ROOT_CLASS = YES_ERROR;
				CLANG_WARN_RANGE_LOOP_ANALYSIS = YES;
				CLANG_WARN_STRICT_PROTOTYPES = YES;
				CLANG_WARN_SUSPICIOUS_MOVE = YES;
				CLANG_WARN_UNGUARDED_AVAILABILITY = YES_AGGRESSIVE;
				CLANG_WARN_UNREACHABLE_CODE = YES;
				CLANG_WARN__DUPLICATE_METHOD_MATCH = YES;
				COPY_PHASE_STRIP = NO;
				DEBUG_INFORMATION_FORMAT = "dwarf-with-dsym";
				ENABLE_NS_ASSERTIONS = NO;
				ENABLE_STRICT_OBJC_MSGSEND = YES;
				GCC_C_LANGUAGE_STANDARD = gnu11;
				GCC_NO_COMMON_BLOCKS = YES;
				GCC_WARN_64_TO_32_BIT_CONVERSION = YES;
				GCC_WARN_ABOUT_RETURN_TYPE = YES_ERROR;
				GCC_WARN_UNDECLARED_SELECTOR = YES;
				GCC_WARN_UNINITIALIZED_AUTOS = YES_AGGRESSIVE;
				GCC_WARN_UNUSED_FUNCTION = YES;
				GCC_WARN_UNUSED_VARIABLE = YES;
				IPHONEOS_DEPLOYMENT_TARGET = 13.2;
				MTL_ENABLE_DEBUG_INFO = NO;
				MTL_FAST_MATH = YES;
				SDKROOT = iphoneos;
				SWIFT_COMPILATION_MODE = wholemodule;
				SWIFT_OPTIMIZATION_LEVEL = "-O";
				VALIDATE_PRODUCT = YES;
			};
			name = Release;
		};
		0E68790023D3615500DB318D /* Debug */ = {
			isa = XCBuildConfiguration;
			baseConfigurationReference = 3D1BD7F8B6B0FE7AE80C3205 /* Pods-SuggestionRowExemple.debug.xcconfig */;
			buildSettings = {
				ASSETCATALOG_COMPILER_APPICON_NAME = AppIcon;
				CODE_SIGN_IDENTITY = "iPhone Developer";
				CODE_SIGN_STYLE = Manual;
				DEVELOPMENT_TEAM = 9X2899GXE9;
				INFOPLIST_FILE = SuggestionRowExemple/Info.plist;
				IPHONEOS_DEPLOYMENT_TARGET = 11.0;
				LD_RUNPATH_SEARCH_PATHS = (
					"$(inherited)",
					"@executable_path/Frameworks",
				);
				PRODUCT_BUNDLE_IDENTIFIER = com.bsv.SuggestionRowExemple;
				PRODUCT_NAME = "$(TARGET_NAME)";
				PROVISIONING_PROFILE_SPECIFIER = "Development All";
				SWIFT_VERSION = 5.0;
				TARGETED_DEVICE_FAMILY = "1,2";
			};
			name = Debug;
		};
		0E68790123D3615500DB318D /* Release */ = {
			isa = XCBuildConfiguration;
			baseConfigurationReference = AF05568BB00012D0EB96AB61 /* Pods-SuggestionRowExemple.release.xcconfig */;
			buildSettings = {
				ASSETCATALOG_COMPILER_APPICON_NAME = AppIcon;
				CODE_SIGN_IDENTITY = "iPhone Developer";
				CODE_SIGN_STYLE = Manual;
				DEVELOPMENT_TEAM = 9X2899GXE9;
				INFOPLIST_FILE = SuggestionRowExemple/Info.plist;
				IPHONEOS_DEPLOYMENT_TARGET = 11.0;
				LD_RUNPATH_SEARCH_PATHS = (
					"$(inherited)",
					"@executable_path/Frameworks",
				);
				PRODUCT_BUNDLE_IDENTIFIER = com.bsv.SuggestionRowExemple;
				PRODUCT_NAME = "$(TARGET_NAME)";
				PROVISIONING_PROFILE_SPECIFIER = "Development All";
				SWIFT_VERSION = 5.0;
				TARGETED_DEVICE_FAMILY = "1,2";
			};
			name = Release;
		};
		0E68790323D3615500DB318D /* Debug */ = {
			isa = XCBuildConfiguration;
			baseConfigurationReference = 4EDE1ED03F30EC92EFDF47F1 /* Pods-SuggestionRowExempleTests.debug.xcconfig */;
			buildSettings = {
				ALWAYS_EMBED_SWIFT_STANDARD_LIBRARIES = YES;
				BUNDLE_LOADER = "$(TEST_HOST)";
				CODE_SIGN_STYLE = Automatic;
				DEVELOPMENT_TEAM = 9X2899GXE9;
				INFOPLIST_FILE = SuggestionRowExempleTests/Info.plist;
				IPHONEOS_DEPLOYMENT_TARGET = 13.2;
				LD_RUNPATH_SEARCH_PATHS = (
					"$(inherited)",
					"@executable_path/Frameworks",
					"@loader_path/Frameworks",
				);
				PRODUCT_BUNDLE_IDENTIFIER = com.bsv.SuggestionRowExempleTests;
				PRODUCT_NAME = "$(TARGET_NAME)";
				SWIFT_VERSION = 5.0;
				TARGETED_DEVICE_FAMILY = "1,2";
				TEST_HOST = "$(BUILT_PRODUCTS_DIR)/SuggestionRowExemple.app/SuggestionRowExemple";
			};
			name = Debug;
		};
		0E68790423D3615500DB318D /* Release */ = {
			isa = XCBuildConfiguration;
			baseConfigurationReference = 67A88F27FF1FB6035B16D817 /* Pods-SuggestionRowExempleTests.release.xcconfig */;
			buildSettings = {
				ALWAYS_EMBED_SWIFT_STANDARD_LIBRARIES = YES;
				BUNDLE_LOADER = "$(TEST_HOST)";
				CODE_SIGN_STYLE = Automatic;
				DEVELOPMENT_TEAM = 9X2899GXE9;
				INFOPLIST_FILE = SuggestionRowExempleTests/Info.plist;
				IPHONEOS_DEPLOYMENT_TARGET = 13.2;
				LD_RUNPATH_SEARCH_PATHS = (
					"$(inherited)",
					"@executable_path/Frameworks",
					"@loader_path/Frameworks",
				);
				PRODUCT_BUNDLE_IDENTIFIER = com.bsv.SuggestionRowExempleTests;
				PRODUCT_NAME = "$(TARGET_NAME)";
				SWIFT_VERSION = 5.0;
				TARGETED_DEVICE_FAMILY = "1,2";
				TEST_HOST = "$(BUILT_PRODUCTS_DIR)/SuggestionRowExemple.app/SuggestionRowExemple";
			};
			name = Release;
		};
/* End XCBuildConfiguration section */

/* Begin XCConfigurationList section */
		0E6878DB23D3615100DB318D /* Build configuration list for PBXProject "SuggestionRowExemple" */ = {
			isa = XCConfigurationList;
			buildConfigurations = (
				0E6878FD23D3615500DB318D /* Debug */,
				0E6878FE23D3615500DB318D /* Release */,
			);
			defaultConfigurationIsVisible = 0;
			defaultConfigurationName = Release;
		};
		0E6878FF23D3615500DB318D /* Build configuration list for PBXNativeTarget "SuggestionRowExemple" */ = {
			isa = XCConfigurationList;
			buildConfigurations = (
				0E68790023D3615500DB318D /* Debug */,
				0E68790123D3615500DB318D /* Release */,
			);
			defaultConfigurationIsVisible = 0;
			defaultConfigurationName = Release;
		};
		0E68790223D3615500DB318D /* Build configuration list for PBXNativeTarget "SuggestionRowExempleTests" */ = {
			isa = XCConfigurationList;
			buildConfigurations = (
				0E68790323D3615500DB318D /* Debug */,
				0E68790423D3615500DB318D /* Release */,
			);
			defaultConfigurationIsVisible = 0;
			defaultConfigurationName = Release;
		};
/* End XCConfigurationList section */
	};
	rootObject = 0E6878D823D3615100DB318D /* Project object */;
}
